
Microsoft Visual Studio Solution File, Format Version 12.00
# Visual Studio Version 17
VisualStudioVersion = 17.2.32630.192
MinimumVisualStudioVersion = 10.0.40219.1
Project("{FAE04EC0-301F-11D3-BF4B-00C04F79EFBC}") = "PracticID", "PracticID\PracticID.csproj", "{4FC95C3F-5F45-49E2-A9E3-CA7AA9C8A838}"
EndProject
Global
	GlobalSection(SolutionConfigurationPlatforms) = preSolution
		Debug|Any CPU = Debug|Any CPU
		Release|Any CPU = Release|Any CPU
	EndGlobalSection
	GlobalSection(ProjectConfigurationPlatforms) = postSolution
		{4FC95C3F-5F45-49E2-A9E3-CA7AA9C8A838}.Debug|Any CPU.ActiveCfg = Debug|Any CPU
		{4FC95C3F-5F45-49E2-A9E3-CA7AA9C8A838}.Debug|Any CPU.Build.0 = Debug|Any CPU
		{4FC95C3F-5F45-49E2-A9E3-CA7AA9C8A838}.Release|Any CPU.ActiveCfg = Release|Any CPU
		{4FC95C3F-5F45-49E2-A9E3-CA7AA9C8A838}.Release|Any CPU.Build.0 = Release|Any CPU
	EndGlobalSection
	GlobalSection(SolutionProperties) = preSolution
		HideSolutionNode = FALSE
	EndGlobalSection
	GlobalSection(ExtensibilityGlobals) = postSolution
		SolutionGuid = {03A6CB51-6C92-45B5-8EEE-D792B35757EE}
	EndGlobalSection
EndGlobal
